
Microsoft Visual Studio Solution File, Format Version 12.00
# Visual Studio Version 17
VisualStudioVersion = 17.2.32526.322
MinimumVisualStudioVersion = 10.0.40219.1
Project("{FAE04EC0-301F-11D3-BF4B-00C04F79EFBC}") = "ConsoleApp1", "ConsoleApp1\ConsoleApp1.csproj", "{C8728EE9-5137-46F0-8591-46CA5D1CC871}"
EndProject
Global
	GlobalSection(SolutionConfigurationPlatforms) = preSolution
		Debug|Any CPU = Debug|Any CPU
		Release|Any CPU = Release|Any CPU
	EndGlobalSection
	GlobalSection(ProjectConfigurationPlatforms) = postSolution
		{C8728EE9-5137-46F0-8591-46CA5D1CC871}.Debug|Any CPU.ActiveCfg = Debug|Any CPU
		{C8728EE9-5137-46F0-8591-46CA5D1CC871}.Debug|Any CPU.Build.0 = Debug|Any CPU
		{C8728EE9-5137-46F0-8591-46CA5D1CC871}.Release|Any CPU.ActiveCfg = Release|Any CPU
		{C8728EE9-5137-46F0-8591-46CA5D1CC871}.Release|Any CPU.Build.0 = Release|Any CPU
	EndGlobalSection
	GlobalSection(SolutionProperties) = preSolution
		HideSolutionNode = FALSE
	EndGlobalSection
	GlobalSection(ExtensibilityGlobals) = postSolution
		SolutionGuid = {88B42FF6-724B-48F4-94EF-11B1EE59C6F4}
	EndGlobalSection
EndGlobal
